
Microsoft Visual Studio Solution File, Format Version 12.00
# Visual Studio Version 17
VisualStudioVersion = 17.14.36518.9 d17.14
MinimumVisualStudioVersion = 10.0.40219.1
Project("{FAE04EC0-301F-11D3-BF4B-00C04F79EFBC}") = "GlassesShop", "GlassesShop.csproj", "{26374E5F-7EEE-4931-9EC0-9D6DF7333CD2}"
EndProject
Global
	GlobalSection(SolutionConfigurationPlatforms) = preSolution
		Debug|Any CPU = Debug|Any CPU
		Release|Any CPU = Release|Any CPU
	EndGlobalSection
	GlobalSection(ProjectConfigurationPlatforms) = postSolution
		{26374E5F-7EEE-4931-9EC0-9D6DF7333CD2}.Debug|Any CPU.ActiveCfg = Debug|Any CPU
		{26374E5F-7EEE-4931-9EC0-9D6DF7333CD2}.Debug|Any CPU.Build.0 = Debug|Any CPU
		{26374E5F-7EEE-4931-9EC0-9D6DF7333CD2}.Release|Any CPU.ActiveCfg = Release|Any CPU
		{26374E5F-7EEE-4931-9EC0-9D6DF7333CD2}.Release|Any CPU.Build.0 = Release|Any CPU
	EndGlobalSection
	GlobalSection(SolutionProperties) = preSolution
		HideSolutionNode = FALSE
	EndGlobalSection
	GlobalSection(ExtensibilityGlobals) = postSolution
		SolutionGuid = {F8EB0D4B-AA6B-4EE6-B6AE-949F8803216B}
	EndGlobalSection
EndGlobal
